
Microsoft Visual Studio Solution File, Format Version 12.00
# Visual Studio 15
VisualStudioVersion = 15.0.28307.168
MinimumVisualStudioVersion = 10.0.40219.1
Project("{FAE04EC0-301F-11D3-BF4B-00C04F79EFBC}") = "WDS-MiniGamesHub.Web", "WDS-MiniGamesHub.Web\WDS-MiniGamesHub.Web.csproj", "{CF1151C7-C29C-4854-97E2-531544763554}"
EndProject
Project("{FAE04EC0-301F-11D3-BF4B-00C04F79EFBC}") = "WDS-MiniGamesHub.Core", "WDS-MiniGamesHub.Core\WDS-MiniGamesHub.Core.csproj", "{845F00D8-B269-4469-9F6E-39CBB34EFE9C}"
EndProject
Project("{FAE04EC0-301F-11D3-BF4B-00C04F79EFBC}") = "WDS-MiniGamesHub.Persistence", "WDS-MiniGamesHub.Persistence\WDS-MiniGamesHub.Persistence.csproj", "{0CCF1AFF-C696-4B82-AE6B-E04351A08AA1}"
EndProject
Global
	GlobalSection(SolutionConfigurationPlatforms) = preSolution
		Debug|Any CPU = Debug|Any CPU
		Release|Any CPU = Release|Any CPU
	EndGlobalSection
	GlobalSection(ProjectConfigurationPlatforms) = postSolution
		{CF1151C7-C29C-4854-97E2-531544763554}.Debug|Any CPU.ActiveCfg = Debug|Any CPU
		{CF1151C7-C29C-4854-97E2-531544763554}.Debug|Any CPU.Build.0 = Debug|Any CPU
		{CF1151C7-C29C-4854-97E2-531544763554}.Release|Any CPU.ActiveCfg = Release|Any CPU
		{CF1151C7-C29C-4854-97E2-531544763554}.Release|Any CPU.Build.0 = Release|Any CPU
		{845F00D8-B269-4469-9F6E-39CBB34EFE9C}.Debug|Any CPU.ActiveCfg = Debug|Any CPU
		{845F00D8-B269-4469-9F6E-39CBB34EFE9C}.Debug|Any CPU.Build.0 = Debug|Any CPU
		{845F00D8-B269-4469-9F6E-39CBB34EFE9C}.Release|Any CPU.ActiveCfg = Release|Any CPU
		{845F00D8-B269-4469-9F6E-39CBB34EFE9C}.Release|Any CPU.Build.0 = Release|Any CPU
		{0CCF1AFF-C696-4B82-AE6B-E04351A08AA1}.Debug|Any CPU.ActiveCfg = Debug|Any CPU
		{0CCF1AFF-C696-4B82-AE6B-E04351A08AA1}.Debug|Any CPU.Build.0 = Debug|Any CPU
		{0CCF1AFF-C696-4B82-AE6B-E04351A08AA1}.Release|Any CPU.ActiveCfg = Release|Any CPU
		{0CCF1AFF-C696-4B82-AE6B-E04351A08AA1}.Release|Any CPU.Build.0 = Release|Any CPU
	EndGlobalSection
	GlobalSection(SolutionProperties) = preSolution
		HideSolutionNode = FALSE
	EndGlobalSection
	GlobalSection(ExtensibilityGlobals) = postSolution
		SolutionGuid = {03169758-8C21-4AAC-A92A-214B90EDD491}
	EndGlobalSection
EndGlobal
